
Microsoft Visual Studio Solution File, Format Version 12.00
# Visual Studio Version 17
VisualStudioVersion = 17.7.34202.233
MinimumVisualStudioVersion = 10.0.40219.1
Project("{FAE04EC0-301F-11D3-BF4B-00C04F79EFBC}") = "MyPointProject", "MyPointProject\MyPointProject.csproj", "{4BC7A095-9B50-4623-A3C8-7DE60C85776F}"
EndProject
Global
	GlobalSection(SolutionConfigurationPlatforms) = preSolution
		Debug|Any CPU = Debug|Any CPU
		Release|Any CPU = Release|Any CPU
	EndGlobalSection
	GlobalSection(ProjectConfigurationPlatforms) = postSolution
		{4BC7A095-9B50-4623-A3C8-7DE60C85776F}.Debug|Any CPU.ActiveCfg = Debug|Any CPU
		{4BC7A095-9B50-4623-A3C8-7DE60C85776F}.Debug|Any CPU.Build.0 = Debug|Any CPU
		{4BC7A095-9B50-4623-A3C8-7DE60C85776F}.Release|Any CPU.ActiveCfg = Release|Any CPU
		{4BC7A095-9B50-4623-A3C8-7DE60C85776F}.Release|Any CPU.Build.0 = Release|Any CPU
	EndGlobalSection
	GlobalSection(SolutionProperties) = preSolution
		HideSolutionNode = FALSE
	EndGlobalSection
	GlobalSection(ExtensibilityGlobals) = postSolution
		SolutionGuid = {3B9426B8-EF66-492D-B734-6566C55FA73F}
	EndGlobalSection
EndGlobal
